
Microsoft Visual Studio Solution File, Format Version 12.00
# Visual Studio 15
VisualStudioVersion = 15.0.28307.168
MinimumVisualStudioVersion = 10.0.40219.1
Project("{FAE04EC0-301F-11D3-BF4B-00C04F79EFBC}") = "DiscordBot", "DiscordBot\DiscordBot.csproj", "{452CFA1B-6000-46E7-95A5-6A2E9D59D0E1}"
EndProject
Global
	GlobalSection(SolutionConfigurationPlatforms) = preSolution
		Debug|Any CPU = Debug|Any CPU
		Release|Any CPU = Release|Any CPU
	EndGlobalSection
	GlobalSection(ProjectConfigurationPlatforms) = postSolution
		{452CFA1B-6000-46E7-95A5-6A2E9D59D0E1}.Debug|Any CPU.ActiveCfg = Debug|Any CPU
		{452CFA1B-6000-46E7-95A5-6A2E9D59D0E1}.Debug|Any CPU.Build.0 = Debug|Any CPU
		{452CFA1B-6000-46E7-95A5-6A2E9D59D0E1}.Release|Any CPU.ActiveCfg = Release|Any CPU
		{452CFA1B-6000-46E7-95A5-6A2E9D59D0E1}.Release|Any CPU.Build.0 = Release|Any CPU
	EndGlobalSection
	GlobalSection(SolutionProperties) = preSolution
		HideSolutionNode = FALSE
	EndGlobalSection
	GlobalSection(ExtensibilityGlobals) = postSolution
		SolutionGuid = {9EF9346F-5D02-4F09-B023-C2241356C719}
	EndGlobalSection
EndGlobal
